// !$*UTF8*$!
{
	archiveVersion = 1;
	classes = {
	};
	objectVersion = 56;
	objects = {

/* Begin PBXBuildFile section */
		230801B829E4F08800AD64F4 /* DataModel.xcdatamodeld in Sources */ = {isa = PBXBuildFile; fileRef = 230801B629E4F08800AD64F4 /* DataModel.xcdatamodeld */; };
		230801BA29E4F24300AD64F4 /* Persistence.swift in Sources */ = {isa = PBXBuildFile; fileRef = 230801B929E4F24300AD64F4 /* Persistence.swift */; };
		230801BC29E4F8CD00AD64F4 /* Utils.swift in Sources */ = {isa = PBXBuildFile; fileRef = 230801BB29E4F8CD00AD64F4 /* Utils.swift */; };
		23C0783629E5AF2A00701A3B /* AddDebtSheet.swift in Sources */ = {isa = PBXBuildFile; fileRef = 23C0783529E5AF2A00701A3B /* AddDebtSheet.swift */; };
		23C0783829E5AF8900701A3B /* DebtCard.swift in Sources */ = {isa = PBXBuildFile; fileRef = 23C0783729E5AF8900701A3B /* DebtCard.swift */; };
		23C0783A29E5B10600701A3B /* ListActiveDebts.swift in Sources */ = {isa = PBXBuildFile; fileRef = 23C0783929E5B10600701A3B /* ListActiveDebts.swift */; };
		23CD388029DE61E500019272 /* HomeView.swift in Sources */ = {isa = PBXBuildFile; fileRef = 23CD387F29DE61E500019272 /* HomeView.swift */; };
		61A37D5929DEA38B00BA4E8C /* DetailView.swift in Sources */ = {isa = PBXBuildFile; fileRef = 61A37D5829DEA38B00BA4E8C /* DetailView.swift */; };
		753FBCBF29E63B230036A310 /* AddDebtDetailSheet.swift in Sources */ = {isa = PBXBuildFile; fileRef = 753FBCBE29E63B230036A310 /* AddDebtDetailSheet.swift */; };
		753FBCC429E791430036A310 /* RepaySheet.swift in Sources */ = {isa = PBXBuildFile; fileRef = 753FBCC329E791430036A310 /* RepaySheet.swift */; };
		75502EDF29DA6C3100BD5F55 /* Pay_Off_Your_Debt_App.swift in Sources */ = {isa = PBXBuildFile; fileRef = 75502EDE29DA6C3100BD5F55 /* Pay_Off_Your_Debt_App.swift */; };
		75502EE329DA6C3200BD5F55 /* Assets.xcassets in Resources */ = {isa = PBXBuildFile; fileRef = 75502EE229DA6C3200BD5F55 /* Assets.xcassets */; };
		75502EE629DA6C3200BD5F55 /* Preview Assets.xcassets in Resources */ = {isa = PBXBuildFile; fileRef = 75502EE529DA6C3200BD5F55 /* Preview Assets.xcassets */; };
		75502EED29DA84D900BD5F55 /* ContactView.swift in Sources */ = {isa = PBXBuildFile; fileRef = 75502EEC29DA84D900BD5F55 /* ContactView.swift */; };
/* End PBXBuildFile section */

/* Begin PBXFileReference section */
		230801B729E4F08800AD64F4 /* DataModel.xcdatamodel */ = {isa = PBXFileReference; lastKnownFileType = wrapper.xcdatamodel; path = DataModel.xcdatamodel; sourceTree = "<group>"; };
		230801B929E4F24300AD64F4 /* Persistence.swift */ = {isa = PBXFileReference; lastKnownFileType = sourcecode.swift; path = Persistence.swift; sourceTree = "<group>"; };
		230801BB29E4F8CD00AD64F4 /* Utils.swift */ = {isa = PBXFileReference; lastKnownFileType = sourcecode.swift; path = Utils.swift; sourceTree = "<group>"; };
		23C0783529E5AF2A00701A3B /* AddDebtSheet.swift */ = {isa = PBXFileReference; lastKnownFileType = sourcecode.swift; path = AddDebtSheet.swift; sourceTree = "<group>"; };
		23C0783729E5AF8900701A3B /* DebtCard.swift */ = {isa = PBXFileReference; lastKnownFileType = sourcecode.swift; path = DebtCard.swift; sourceTree = "<group>"; };
		23C0783929E5B10600701A3B /* ListActiveDebts.swift */ = {isa = PBXFileReference; lastKnownFileType = sourcecode.swift; path = ListActiveDebts.swift; sourceTree = "<group>"; };
		23CD387F29DE61E500019272 /* HomeView.swift */ = {isa = PBXFileReference; lastKnownFileType = sourcecode.swift; path = HomeView.swift; sourceTree = "<group>"; };
		61A37D5829DEA38B00BA4E8C /* DetailView.swift */ = {isa = PBXFileReference; lastKnownFileType = sourcecode.swift; path = DetailView.swift; sourceTree = "<group>"; };
		753FBCBE29E63B230036A310 /* AddDebtDetailSheet.swift */ = {isa = PBXFileReference; lastKnownFileType = sourcecode.swift; path = AddDebtDetailSheet.swift; sourceTree = "<group>"; };
		753FBCC329E791430036A310 /* RepaySheet.swift */ = {isa = PBXFileReference; lastKnownFileType = sourcecode.swift; path = RepaySheet.swift; sourceTree = "<group>"; };
		75502EDB29DA6C3100BD5F55 /* Pay Off Your Debt!.app */ = {isa = PBXFileReference; explicitFileType = wrapper.application; includeInIndex = 0; path = "Pay Off Your Debt!.app"; sourceTree = BUILT_PRODUCTS_DIR; };
		75502EDE29DA6C3100BD5F55 /* Pay_Off_Your_Debt_App.swift */ = {isa = PBXFileReference; lastKnownFileType = sourcecode.swift; path = Pay_Off_Your_Debt_App.swift; sourceTree = "<group>"; };
		75502EE229DA6C3200BD5F55 /* Assets.xcassets */ = {isa = PBXFileReference; lastKnownFileType = folder.assetcatalog; path = Assets.xcassets; sourceTree = "<group>"; };
		75502EE529DA6C3200BD5F55 /* Preview Assets.xcassets */ = {isa = PBXFileReference; lastKnownFileType = folder.assetcatalog; path = "Preview Assets.xcassets"; sourceTree = "<group>"; };
		75502EEC29DA84D900BD5F55 /* ContactView.swift */ = {isa = PBXFileReference; lastKnownFileType = sourcecode.swift; path = ContactView.swift; sourceTree = "<group>"; };
/* End PBXFileReference section */

/* Begin PBXFrameworksBuildPhase section */
		75502ED829DA6C3100BD5F55 /* Frameworks */ = {
			isa = PBXFrameworksBuildPhase;
			buildActionMask = 2147483647;
			files = (
			);
			runOnlyForDeploymentPostprocessing = 0;
		};
/* End PBXFrameworksBuildPhase section */

/* Begin PBXGroup section */
		23C0783229E5AAC100701A3B /* Components */ = {
			isa = PBXGroup;
			children = (
				23C0783529E5AF2A00701A3B /* AddDebtSheet.swift */,
				753FBCBE29E63B230036A310 /* AddDebtDetailSheet.swift */,
				753FBCC329E791430036A310 /* RepaySheet.swift */,
				23C0783729E5AF8900701A3B /* DebtCard.swift */,
				23C0783929E5B10600701A3B /* ListActiveDebts.swift */,
			);
			path = Components;
			sourceTree = "<group>";
		};
		75502ED229DA6C3100BD5F55 = {
			isa = PBXGroup;
			children = (
				75502EDD29DA6C3100BD5F55 /* Pay Off Your Debt! */,
				75502EDC29DA6C3100BD5F55 /* Products */,
			);
			sourceTree = "<group>";
		};
		75502EDC29DA6C3100BD5F55 /* Products */ = {
			isa = PBXGroup;
			children = (
				75502EDB29DA6C3100BD5F55 /* Pay Off Your Debt!.app */,
			);
			name = Products;
			sourceTree = "<group>";
		};
		75502EDD29DA6C3100BD5F55 /* Pay Off Your Debt! */ = {
			isa = PBXGroup;
			children = (
				75502EDE29DA6C3100BD5F55 /* Pay_Off_Your_Debt_App.swift */,
				23C0783229E5AAC100701A3B /* Components */,
				61A37D5829DEA38B00BA4E8C /* DetailView.swift */,
				230801B629E4F08800AD64F4 /* DataModel.xcdatamodeld */,
				75502EEC29DA84D900BD5F55 /* ContactView.swift */,
				23CD387F29DE61E500019272 /* HomeView.swift */,
				230801BB29E4F8CD00AD64F4 /* Utils.swift */,
				230801B929E4F24300AD64F4 /* Persistence.swift */,
				75502EE229DA6C3200BD5F55 /* Assets.xcassets */,
				75502EE429DA6C3200BD5F55 /* Preview Content */,
			);
			path = "Pay Off Your Debt!";
			sourceTree = "<group>";
		};
		75502EE429DA6C3200BD5F55 /* Preview Content */ = {
			isa = PBXGroup;
			children = (
				75502EE529DA6C3200BD5F55 /* Preview Assets.xcassets */,
			);
			path = "Preview Content";
			sourceTree = "<group>";
		};
/* End PBXGroup section */

/* Begin PBXNativeTarget section */
		75502EDA29DA6C3100BD5F55 /* Pay Off Your Debt! */ = {
			isa = PBXNativeTarget;
			buildConfigurationList = 75502EE929DA6C3200BD5F55 /* Build configuration list for PBXNativeTarget "Pay Off Your Debt!" */;
			buildPhases = (
				75502ED729DA6C3100BD5F55 /* Sources */,
				75502ED829DA6C3100BD5F55 /* Frameworks */,
				75502ED929DA6C3100BD5F55 /* Resources */,
			);
			buildRules = (
			);
			dependencies = (
			);
			name = "Pay Off Your Debt!";
			productName = "Pay Off Your Debt!";
			productReference = 75502EDB29DA6C3100BD5F55 /* Pay Off Your Debt!.app */;
			productType = "com.apple.product-type.application";
		};
/* End PBXNativeTarget section */

/* Begin PBXProject section */
		75502ED329DA6C3100BD5F55 /* Project object */ = {
			isa = PBXProject;
			attributes = {
				BuildIndependentTargetsInParallel = 1;
				LastSwiftUpdateCheck = 1430;
				LastUpgradeCheck = 1430;
				TargetAttributes = {
					75502EDA29DA6C3100BD5F55 = {
						CreatedOnToolsVersion = 14.3;
					};
				};
			};
			buildConfigurationList = 75502ED629DA6C3100BD5F55 /* Build configuration list for PBXProject "Pay Off Your Debt!" */;
			compatibilityVersion = "Xcode 14.0";
			developmentRegion = en;
			hasScannedForEncodings = 0;
			knownRegions = (
				en,
				Base,
			);
			mainGroup = 75502ED229DA6C3100BD5F55;
			productRefGroup = 75502EDC29DA6C3100BD5F55 /* Products */;
			projectDirPath = "";
			projectRoot = "";
			targets = (
				75502EDA29DA6C3100BD5F55 /* Pay Off Your Debt! */,
			);
		};
/* End PBXProject section */

/* Begin PBXResourcesBuildPhase section */
		75502ED929DA6C3100BD5F55 /* Resources */ = {
			isa = PBXResourcesBuildPhase;
			buildActionMask = 2147483647;
			files = (
				75502EE629DA6C3200BD5F55 /* Preview Assets.xcassets in Resources */,
				75502EE329DA6C3200BD5F55 /* Assets.xcassets in Resources */,
			);
			runOnlyForDeploymentPostprocessing = 0;
		};
/* End PBXResourcesBuildPhase section */

/* Begin PBXSourcesBuildPhase section */
		75502ED729DA6C3100BD5F55 /* Sources */ = {
			isa = PBXSourcesBuildPhase;
			buildActionMask = 2147483647;
			files = (
				23CD388029DE61E500019272 /* HomeView.swift in Sources */,
				230801B829E4F08800AD64F4 /* DataModel.xcdatamodeld in Sources */,
				23C0783A29E5B10600701A3B /* ListActiveDebts.swift in Sources */,
				23C0783829E5AF8900701A3B /* DebtCard.swift in Sources */,
				61A37D5929DEA38B00BA4E8C /* DetailView.swift in Sources */,
				230801BC29E4F8CD00AD64F4 /* Utils.swift in Sources */,
				230801BA29E4F24300AD64F4 /* Persistence.swift in Sources */,
				753FBCBF29E63B230036A310 /* AddDebtDetailSheet.swift in Sources */,
				75502EED29DA84D900BD5F55 /* ContactView.swift in Sources */,
				753FBCC429E791430036A310 /* RepaySheet.swift in Sources */,
				23C0783629E5AF2A00701A3B /* AddDebtSheet.swift in Sources */,
				75502EDF29DA6C3100BD5F55 /* Pay_Off_Your_Debt_App.swift in Sources */,
			);
			runOnlyForDeploymentPostprocessing = 0;
		};
/* End PBXSourcesBuildPhase section */

/* Begin XCBuildConfiguration section */
		75502EE729DA6C3200BD5F55 /* Debug */ = {
			isa = XCBuildConfiguration;
			buildSettings = {
				ALWAYS_SEARCH_USER_PATHS = NO;
				CLANG_ANALYZER_NONNULL = YES;
				CLANG_ANALYZER_NUMBER_OBJECT_CONVERSION = YES_AGGRESSIVE;
				CLANG_CXX_LANGUAGE_STANDARD = "gnu++20";
				CLANG_ENABLE_MODULES = YES;
				CLANG_ENABLE_OBJC_ARC = YES;
				CLANG_ENABLE_OBJC_WEAK = YES;
				CLANG_WARN_BLOCK_CAPTURE_AUTORELEASING = YES;
				CLANG_WARN_BOOL_CONVERSION = YES;
				CLANG_WARN_COMMA = YES;
				CLANG_WARN_CONSTANT_CONVERSION = YES;
				CLANG_WARN_DEPRECATED_OBJC_IMPLEMENTATIONS = YES;
				CLANG_WARN_DIRECT_OBJC_ISA_USAGE = YES_ERROR;
				CLANG_WARN_DOCUMENTATION_COMMENTS = YES;
				CLANG_WARN_EMPTY_BODY = YES;
				CLANG_WARN_ENUM_CONVERSION = YES;
				CLANG_WARN_INFINITE_RECURSION = YES;
				CLANG_WARN_INT_CONVERSION = YES;
				CLANG_WARN_NON_LITERAL_NULL_CONVERSION = YES;
				CLANG_WARN_OBJC_IMPLICIT_RETAIN_SELF = YES;
				CLANG_WARN_OBJC_LITERAL_CONVERSION = YES;
				CLANG_WARN_OBJC_ROOT_CLASS = YES_ERROR;
				CLANG_WARN_QUOTED_INCLUDE_IN_FRAMEWORK_HEADER = YES;
				CLANG_WARN_RANGE_LOOP_ANALYSIS = YES;
				CLANG_WARN_STRICT_PROTOTYPES = YES;
				CLANG_WARN_SUSPICIOUS_MOVE = YES;
				CLANG_WARN_UNGUARDED_AVAILABILITY = YES_AGGRESSIVE;
				CLANG_WARN_UNREACHABLE_CODE = YES;
				CLANG_WARN__DUPLICATE_METHOD_MATCH = YES;
				COPY_PHASE_STRIP = NO;
				DEBUG_INFORMATION_FORMAT = dwarf;
				ENABLE_STRICT_OBJC_MSGSEND = YES;
				ENABLE_TESTABILITY = YES;
				GCC_C_LANGUAGE_STANDARD = gnu11;
				GCC_DYNAMIC_NO_PIC = NO;
				GCC_NO_COMMON_BLOCKS = YES;
				GCC_OPTIMIZATION_LEVEL = 0;
				GCC_PREPROCESSOR_DEFINITIONS = (
					"DEBUG=1",
					"$(inherited)",
				);
				GCC_WARN_64_TO_32_BIT_CONVERSION = YES;
				GCC_WARN_ABOUT_RETURN_TYPE = YES_ERROR;
				GCC_WARN_UNDECLARED_SELECTOR = YES;
				GCC_WARN_UNINITIALIZED_AUTOS = YES_AGGRESSIVE;
				GCC_WARN_UNUSED_FUNCTION = YES;
				GCC_WARN_UNUSED_VARIABLE = YES;
				IPHONEOS_DEPLOYMENT_TARGET = 16.4;
				MTL_ENABLE_DEBUG_INFO = INCLUDE_SOURCE;
				MTL_FAST_MATH = YES;
				ONLY_ACTIVE_ARCH = YES;
				SDKROOT = iphoneos;
				SWIFT_ACTIVE_COMPILATION_CONDITIONS = DEBUG;
				SWIFT_OPTIMIZATION_LEVEL = "-Onone";
			};
			name = Debug;
		};
		75502EE829DA6C3200BD5F55 /* Release */ = {
			isa = XCBuildConfiguration;
			buildSettings = {
				ALWAYS_SEARCH_USER_PATHS = NO;
				CLANG_ANALYZER_NONNULL = YES;
				CLANG_ANALYZER_NUMBER_OBJECT_CONVERSION = YES_AGGRESSIVE;
				CLANG_CXX_LANGUAGE_STANDARD = "gnu++20";
				CLANG_ENABLE_MODULES = YES;
				CLANG_ENABLE_OBJC_ARC = YES;
				CLANG_ENABLE_OBJC_WEAK = YES;
				CLANG_WARN_BLOCK_CAPTURE_AUTORELEASING = YES;
				CLANG_WARN_BOOL_CONVERSION = YES;
				CLANG_WARN_COMMA = YES;
				CLANG_WARN_CONSTANT_CONVERSION = YES;
				CLANG_WARN_DEPRECATED_OBJC_IMPLEMENTATIONS = YES;
				CLANG_WARN_DIRECT_OBJC_ISA_USAGE = YES_ERROR;
				CLANG_WARN_DOCUMENTATION_COMMENTS = YES;
				CLANG_WARN_EMPTY_BODY = YES;
				CLANG_WARN_ENUM_CONVERSION = YES;
				CLANG_WARN_INFINITE_RECURSION = YES;
				CLANG_WARN_INT_CONVERSION = YES;
				CLANG_WARN_NON_LITERAL_NULL_CONVERSION = YES;
				CLANG_WARN_OBJC_IMPLICIT_RETAIN_SELF = YES;
				CLANG_WARN_OBJC_LITERAL_CONVERSION = YES;
				CLANG_WARN_OBJC_ROOT_CLASS = YES_ERROR;
				CLANG_WARN_QUOTED_INCLUDE_IN_FRAMEWORK_HEADER = YES;
				CLANG_WARN_RANGE_LOOP_ANALYSIS = YES;
				CLANG_WARN_STRICT_PROTOTYPES = YES;
				CLANG_WARN_SUSPICIOUS_MOVE = YES;
				CLANG_WARN_UNGUARDED_AVAILABILITY = YES_AGGRESSIVE;
				CLANG_WARN_UNREACHABLE_CODE = YES;
				CLANG_WARN__DUPLICATE_METHOD_MATCH = YES;
				COPY_PHASE_STRIP = NO;
				DEBUG_INFORMATION_FORMAT = "dwarf-with-dsym";
				ENABLE_NS_ASSERTIONS = NO;
				ENABLE_STRICT_OBJC_MSGSEND = YES;
				GCC_C_LANGUAGE_STANDARD = gnu11;
				GCC_NO_COMMON_BLOCKS = YES;
				GCC_WARN_64_TO_32_BIT_CONVERSION = YES;
				GCC_WARN_ABOUT_RETURN_TYPE = YES_ERROR;
				GCC_WARN_UNDECLARED_SELECTOR = YES;
				GCC_WARN_UNINITIALIZED_AUTOS = YES_AGGRESSIVE;
				GCC_WARN_UNUSED_FUNCTION = YES;
				GCC_WARN_UNUSED_VARIABLE = YES;
				IPHONEOS_DEPLOYMENT_TARGET = 16.4;
				MTL_ENABLE_DEBUG_INFO = NO;
				MTL_FAST_MATH = YES;
				SDKROOT = iphoneos;
				SWIFT_COMPILATION_MODE = wholemodule;
				SWIFT_OPTIMIZATION_LEVEL = "-O";
				VALIDATE_PRODUCT = YES;
			};
			name = Release;
		};
		75502EEA29DA6C3200BD5F55 /* Debug */ = {
			isa = XCBuildConfiguration;
			buildSettings = {
				ASSETCATALOG_COMPILER_APPICON_NAME = AppIcon;
				ASSETCATALOG_COMPILER_GLOBAL_ACCENT_COLOR_NAME = AccentColor;
				ASSETCATALOG_COMPILER_INCLUDE_ALL_APPICON_ASSETS = YES;
				CODE_SIGN_STYLE = Automatic;
				CURRENT_PROJECT_VERSION = 1;
				DEVELOPMENT_ASSET_PATHS = "\"Pay Off Your Debt!/Preview Content\"";
				DEVELOPMENT_TEAM = BBJ66M42MQ;
				ENABLE_PREVIEWS = YES;
				GENERATE_INFOPLIST_FILE = YES;
				INFOPLIST_KEY_CFBundleDisplayName = "Pay Off Your Debt!";
				INFOPLIST_KEY_LSApplicationCategoryType = "public.app-category.finance";
				INFOPLIST_KEY_NSContactsUsageDescription = "Reason for accessing contacts";
				INFOPLIST_KEY_UIApplicationSceneManifest_Generation = YES;
				INFOPLIST_KEY_UIApplicationSupportsIndirectInputEvents = YES;
				INFOPLIST_KEY_UILaunchScreen_Generation = YES;
				INFOPLIST_KEY_UISupportedInterfaceOrientations = UIInterfaceOrientationPortrait;
				INFOPLIST_KEY_UISupportedInterfaceOrientations_iPad = "UIInterfaceOrientationLandscapeLeft UIInterfaceOrientationLandscapeRight UIInterfaceOrientationPortrait UIInterfaceOrientationPortraitUpsideDown";
				IPHONEOS_DEPLOYMENT_TARGET = 16.0;
				LD_RUNPATH_SEARCH_PATHS = (
					"$(inherited)",
					"@executable_path/Frameworks",
				);
				MARKETING_VERSION = 1.1.3;
				PRODUCT_BUNDLE_IDENTIFIER = "pisanggoreng.pay-off-your-debt";
				PRODUCT_NAME = "$(TARGET_NAME)";
				SUPPORTED_PLATFORMS = "iphoneos iphonesimulator";
				SUPPORTS_MACCATALYST = NO;
				SUPPORTS_MAC_DESIGNED_FOR_IPHONE_IPAD = NO;
				SWIFT_EMIT_LOC_STRINGS = YES;
				SWIFT_VERSION = 5.0;
				TARGETED_DEVICE_FAMILY = 1;
			};
			name = Debug;
		};
		75502EEB29DA6C3200BD5F55 /* Release */ = {
			isa = XCBuildConfiguration;
			buildSettings = {
				ASSETCATALOG_COMPILER_APPICON_NAME = AppIcon;
				ASSETCATALOG_COMPILER_GLOBAL_ACCENT_COLOR_NAME = AccentColor;
				ASSETCATALOG_COMPILER_INCLUDE_ALL_APPICON_ASSETS = YES;
				CODE_SIGN_STYLE = Automatic;
				CURRENT_PROJECT_VERSION = 1;
				DEVELOPMENT_ASSET_PATHS = "\"Pay Off Your Debt!/Preview Content\"";
				DEVELOPMENT_TEAM = BBJ66M42MQ;
				ENABLE_PREVIEWS = YES;
				GENERATE_INFOPLIST_FILE = YES;
				INFOPLIST_KEY_CFBundleDisplayName = "Pay Off Your Debt!";
				INFOPLIST_KEY_LSApplicationCategoryType = "public.app-category.finance";
				INFOPLIST_KEY_NSContactsUsageDescription = "Reason for accessing contacts";
				INFOPLIST_KEY_UIApplicationSceneManifest_Generation = YES;
				INFOPLIST_KEY_UIApplicationSupportsIndirectInputEvents = YES;
				INFOPLIST_KEY_UILaunchScreen_Generation = YES;
				INFOPLIST_KEY_UISupportedInterfaceOrientations = UIInterfaceOrientationPortrait;
				INFOPLIST_KEY_UISupportedInterfaceOrientations_iPad = "UIInterfaceOrientationLandscapeLeft UIInterfaceOrientationLandscapeRight UIInterfaceOrientationPortrait UIInterfaceOrientationPortraitUpsideDown";
				IPHONEOS_DEPLOYMENT_TARGET = 16.0;
				LD_RUNPATH_SEARCH_PATHS = (
					"$(inherited)",
					"@executable_path/Frameworks",
				);
				MARKETING_VERSION = 1.1.3;
				PRODUCT_BUNDLE_IDENTIFIER = "pisanggoreng.pay-off-your-debt";
				PRODUCT_NAME = "$(TARGET_NAME)";
				SUPPORTED_PLATFORMS = "iphoneos iphonesimulator";
				SUPPORTS_MACCATALYST = NO;
				SUPPORTS_MAC_DESIGNED_FOR_IPHONE_IPAD = NO;
				SWIFT_EMIT_LOC_STRINGS = YES;
				SWIFT_VERSION = 5.0;
				TARGETED_DEVICE_FAMILY = 1;
			};
			name = Release;
		};
/* End XCBuildConfiguration section */

/* Begin XCConfigurationList section */
		75502ED629DA6C3100BD5F55 /* Build configuration list for PBXProject "Pay Off Your Debt!" */ = {
			isa = XCConfigurationList;
			buildConfigurations = (
				75502EE729DA6C3200BD5F55 /* Debug */,
				75502EE829DA6C3200BD5F55 /* Release */,
			);
			defaultConfigurationIsVisible = 0;
			defaultConfigurationName = Release;
		};
		75502EE929DA6C3200BD5F55 /* Build configuration list for PBXNativeTarget "Pay Off Your Debt!" */ = {
			isa = XCConfigurationList;
			buildConfigurations = (
				75502EEA29DA6C3200BD5F55 /* Debug */,
				75502EEB29DA6C3200BD5F55 /* Release */,
			);
			defaultConfigurationIsVisible = 0;
			defaultConfigurationName = Release;
		};
/* End XCConfigurationList section */

/* Begin XCVersionGroup section */
		230801B629E4F08800AD64F4 /* DataModel.xcdatamodeld */ = {
			isa = XCVersionGroup;
			children = (
				230801B729E4F08800AD64F4 /* DataModel.xcdatamodel */,
			);
			currentVersion = 230801B729E4F08800AD64F4 /* DataModel.xcdatamodel */;
			path = DataModel.xcdatamodeld;
			sourceTree = "<group>";
			versionGroupType = wrapper.xcdatamodel;
		};
/* End XCVersionGroup section */
	};
	rootObject = 75502ED329DA6C3100BD5F55 /* Project object */;
}
